// !$*UTF8*$!
{
	archiveVersion = 1;
	classes = {
	};
	objectVersion = 46;
	objects = {

/* Begin PBXBuildFile section */
		805CA8E11B650D0C00E73061 /* AppDelegate.swift in Sources */ = {isa = PBXBuildFile; fileRef = 805CA8E01B650D0C00E73061 /* AppDelegate.swift */; };
		805CA8E31B650D0C00E73061 /* ViewController.swift in Sources */ = {isa = PBXBuildFile; fileRef = 805CA8E21B650D0C00E73061 /* ViewController.swift */; };
		805CA8E61B650D0C00E73061 /* Main.storyboard in Resources */ = {isa = PBXBuildFile; fileRef = 805CA8E41B650D0C00E73061 /* Main.storyboard */; };
		805CA8E81B650D0C00E73061 /* Images.xcassets in Resources */ = {isa = PBXBuildFile; fileRef = 805CA8E71B650D0C00E73061 /* Images.xcassets */; };
		805CA8EB1B650D0C00E73061 /* LaunchScreen.xib in Resources */ = {isa = PBXBuildFile; fileRef = 805CA8E91B650D0C00E73061 /* LaunchScreen.xib */; };
		805CA8F71B650D0C00E73061 /* ProfileFeedCellsTests.swift in Sources */ = {isa = PBXBuildFile; fileRef = 805CA8F61B650D0C00E73061 /* ProfileFeedCellsTests.swift */; };
/* End PBXBuildFile section */

/* Begin PBXContainerItemProxy section */
		805CA8F11B650D0C00E73061 /* PBXContainerItemProxy */ = {
			isa = PBXContainerItemProxy;
			containerPortal = 805CA8D31B650D0C00E73061 /* Project object */;
			proxyType = 1;
			remoteGlobalIDString = 805CA8DA1B650D0C00E73061;
			remoteInfo = ProfileFeedCells;
		};
/* End PBXContainerItemProxy section */

/* Begin PBXFileReference section */
		805CA8DB1B650D0C00E73061 /* ProfileFeedCells.app */ = {isa = PBXFileReference; explicitFileType = wrapper.application; includeInIndex = 0; path = ProfileFeedCells.app; sourceTree = BUILT_PRODUCTS_DIR; };
		805CA8DF1B650D0C00E73061 /* Info.plist */ = {isa = PBXFileReference; lastKnownFileType = text.plist.xml; path = Info.plist; sourceTree = "<group>"; };
		805CA8E01B650D0C00E73061 /* AppDelegate.swift */ = {isa = PBXFileReference; lastKnownFileType = sourcecode.swift; path = AppDelegate.swift; sourceTree = "<group>"; };
		805CA8E21B650D0C00E73061 /* ViewController.swift */ = {isa = PBXFileReference; lastKnownFileType = sourcecode.swift; path = ViewController.swift; sourceTree = "<group>"; };
		805CA8E51B650D0C00E73061 /* Base */ = {isa = PBXFileReference; lastKnownFileType = file.storyboard; name = Base; path = Base.lproj/Main.storyboard; sourceTree = "<group>"; };
		805CA8E71B650D0C00E73061 /* Images.xcassets */ = {isa = PBXFileReference; lastKnownFileType = folder.assetcatalog; path = Images.xcassets; sourceTree = "<group>"; };
		805CA8EA1B650D0C00E73061 /* Base */ = {isa = PBXFileReference; lastKnownFileType = file.xib; name = Base; path = Base.lproj/LaunchScreen.xib; sourceTree = "<group>"; };
		805CA8F01B650D0C00E73061 /* ProfileFeedCellsTests.xctest */ = {isa = PBXFileReference; explicitFileType = wrapper.cfbundle; includeInIndex = 0; path = ProfileFeedCellsTests.xctest; sourceTree = BUILT_PRODUCTS_DIR; };
		805CA8F51B650D0C00E73061 /* Info.plist */ = {isa = PBXFileReference; lastKnownFileType = text.plist.xml; path = Info.plist; sourceTree = "<group>"; };
		805CA8F61B650D0C00E73061 /* ProfileFeedCellsTests.swift */ = {isa = PBXFileReference; lastKnownFileType = sourcecode.swift; path = ProfileFeedCellsTests.swift; sourceTree = "<group>"; };
/* End PBXFileReference section */

/* Begin PBXFrameworksBuildPhase section */
		805CA8D81B650D0C00E73061 /* Frameworks */ = {
			isa = PBXFrameworksBuildPhase;
			buildActionMask = 2147483647;
			files = (
			);
			runOnlyForDeploymentPostprocessing = 0;
		};
		805CA8ED1B650D0C00E73061 /* Frameworks */ = {
			isa = PBXFrameworksBuildPhase;
			buildActionMask = 2147483647;
			files = (
			);
			runOnlyForDeploymentPostprocessing = 0;
		};
/* End PBXFrameworksBuildPhase section */

/* Begin PBXGroup section */
		805CA8D21B650D0C00E73061 = {
			isa = PBXGroup;
			children = (
				805CA8DD1B650D0C00E73061 /* ProfileFeedCells */,
				805CA8F31B650D0C00E73061 /* ProfileFeedCellsTests */,
				805CA8DC1B650D0C00E73061 /* Products */,
			);
			sourceTree = "<group>";
		};
		805CA8DC1B650D0C00E73061 /* Products */ = {
			isa = PBXGroup;
			children = (
				805CA8DB1B650D0C00E73061 /* ProfileFeedCells.app */,
				805CA8F01B650D0C00E73061 /* ProfileFeedCellsTests.xctest */,
			);
			name = Products;
			sourceTree = "<group>";
		};
		805CA8DD1B650D0C00E73061 /* ProfileFeedCells */ = {
			isa = PBXGroup;
			children = (
				805CA8E01B650D0C00E73061 /* AppDelegate.swift */,
				805CA8E21B650D0C00E73061 /* ViewController.swift */,
				805CA8E41B650D0C00E73061 /* Main.storyboard */,
				805CA8E71B650D0C00E73061 /* Images.xcassets */,
				805CA8E91B650D0C00E73061 /* LaunchScreen.xib */,
				805CA8DE1B650D0C00E73061 /* Supporting Files */,
			);
			path = ProfileFeedCells;
			sourceTree = "<group>";
		};
		805CA8DE1B650D0C00E73061 /* Supporting Files */ = {
			isa = PBXGroup;
			children = (
				805CA8DF1B650D0C00E73061 /* Info.plist */,
			);
			name = "Supporting Files";
			sourceTree = "<group>";
		};
		805CA8F31B650D0C00E73061 /* ProfileFeedCellsTests */ = {
			isa = PBXGroup;
			children = (
				805CA8F61B650D0C00E73061 /* ProfileFeedCellsTests.swift */,
				805CA8F41B650D0C00E73061 /* Supporting Files */,
			);
			path = ProfileFeedCellsTests;
			sourceTree = "<group>";
		};
		805CA8F41B650D0C00E73061 /* Supporting Files */ = {
			isa = PBXGroup;
			children = (
				805CA8F51B650D0C00E73061 /* Info.plist */,
			);
			name = "Supporting Files";
			sourceTree = "<group>";
		};
/* End PBXGroup section */

/* Begin PBXNativeTarget section */
		805CA8DA1B650D0C00E73061 /* ProfileFeedCells */ = {
			isa = PBXNativeTarget;
			buildConfigurationList = 805CA8FA1B650D0C00E73061 /* Build configuration list for PBXNativeTarget "ProfileFeedCells" */;
			buildPhases = (
				805CA8D71B650D0C00E73061 /* Sources */,
				805CA8D81B650D0C00E73061 /* Frameworks */,
				805CA8D91B650D0C00E73061 /* Resources */,
			);
			buildRules = (
			);
			dependencies = (
			);
			name = ProfileFeedCells;
			productName = ProfileFeedCells;
			productReference = 805CA8DB1B650D0C00E73061 /* ProfileFeedCells.app */;
			productType = "com.apple.product-type.application";
		};
		805CA8EF1B650D0C00E73061 /* ProfileFeedCellsTests */ = {
			isa = PBXNativeTarget;
			buildConfigurationList = 805CA8FD1B650D0C00E73061 /* Build configuration list for PBXNativeTarget "ProfileFeedCellsTests" */;
			buildPhases = (
				805CA8EC1B650D0C00E73061 /* Sources */,
				805CA8ED1B650D0C00E73061 /* Frameworks */,
				805CA8EE1B650D0C00E73061 /* Resources */,
			);
			buildRules = (
			);
			dependencies = (
				805CA8F21B650D0C00E73061 /* PBXTargetDependency */,
			);
			name = ProfileFeedCellsTests;
			productName = ProfileFeedCellsTests;
			productReference = 805CA8F01B650D0C00E73061 /* ProfileFeedCellsTests.xctest */;
			productType = "com.apple.product-type.bundle.unit-test";
		};
/* End PBXNativeTarget section */

/* Begin PBXProject section */
		805CA8D31B650D0C00E73061 /* Project object */ = {
			isa = PBXProject;
			attributes = {
				LastUpgradeCheck = 0640;
				ORGANIZATIONNAME = "Jenna Sampson";
				TargetAttributes = {
					805CA8DA1B650D0C00E73061 = {
						CreatedOnToolsVersion = 6.4;
					};
					805CA8EF1B650D0C00E73061 = {
						CreatedOnToolsVersion = 6.4;
						TestTargetID = 805CA8DA1B650D0C00E73061;
					};
				};
			};
			buildConfigurationList = 805CA8D61B650D0C00E73061 /* Build configuration list for PBXProject "ProfileFeedCells" */;
			compatibilityVersion = "Xcode 3.2";
			developmentRegion = English;
			hasScannedForEncodings = 0;
			knownRegions = (
				en,
				Base,
			);
			mainGroup = 805CA8D21B650D0C00E73061;
			productRefGroup = 805CA8DC1B650D0C00E73061 /* Products */;
			projectDirPath = "";
			projectRoot = "";
			targets = (
				805CA8DA1B650D0C00E73061 /* ProfileFeedCells */,
				805CA8EF1B650D0C00E73061 /* ProfileFeedCellsTests */,
			);
		};
/* End PBXProject section */

/* Begin PBXResourcesBuildPhase section */
		805CA8D91B650D0C00E73061 /* Resources */ = {
			isa = PBXResourcesBuildPhase;
			buildActionMask = 2147483647;
			files = (
				805CA8E61B650D0C00E73061 /* Main.storyboard in Resources */,
				805CA8EB1B650D0C00E73061 /* LaunchScreen.xib in Resources */,
				805CA8E81B650D0C00E73061 /* Images.xcassets in Resources */,
			);
			runOnlyForDeploymentPostprocessing = 0;
		};
		805CA8EE1B650D0C00E73061 /* Resources */ = {
			isa = PBXResourcesBuildPhase;
			buildActionMask = 2147483647;
			files = (
			);
			runOnlyForDeploymentPostprocessing = 0;
		};
/* End PBXResourcesBuildPhase section */

/* Begin PBXSourcesBuildPhase section */
		805CA8D71B650D0C00E73061 /* Sources */ = {
			isa = PBXSourcesBuildPhase;
			buildActionMask = 2147483647;
			files = (
				805CA8E31B650D0C00E73061 /* ViewController.swift in Sources */,
				805CA8E11B650D0C00E73061 /* AppDelegate.swift in Sources */,
			);
			runOnlyForDeploymentPostprocessing = 0;
		};
		805CA8EC1B650D0C00E73061 /* Sources */ = {
			isa = PBXSourcesBuildPhase;
			buildActionMask = 2147483647;
			files = (
				805CA8F71B650D0C00E73061 /* ProfileFeedCellsTests.swift in Sources */,
			);
			runOnlyForDeploymentPostprocessing = 0;
		};
/* End PBXSourcesBuildPhase section */

/* Begin PBXTargetDependency section */
		805CA8F21B650D0C00E73061 /* PBXTargetDependency */ = {
			isa = PBXTargetDependency;
			target = 805CA8DA1B650D0C00E73061 /* ProfileFeedCells */;
			targetProxy = 805CA8F11B650D0C00E73061 /* PBXContainerItemProxy */;
		};
/* End PBXTargetDependency section */

/* Begin PBXVariantGroup section */
		805CA8E41B650D0C00E73061 /* Main.storyboard */ = {
			isa = PBXVariantGroup;
			children = (
				805CA8E51B650D0C00E73061 /* Base */,
			);
			name = Main.storyboard;
			sourceTree = "<group>";
		};
		805CA8E91B650D0C00E73061 /* LaunchScreen.xib */ = {
			isa = PBXVariantGroup;
			children = (
				805CA8EA1B650D0C00E73061 /* Base */,
			);
			name = LaunchScreen.xib;
			sourceTree = "<group>";
		};
/* End PBXVariantGroup section */

/* Begin XCBuildConfiguration section */
		805CA8F81B650D0C00E73061 /* Debug */ = {
			isa = XCBuildConfiguration;
			buildSettings = {
				ALWAYS_SEARCH_USER_PATHS = NO;
				CLANG_CXX_LANGUAGE_STANDARD = "gnu++0x";
				CLANG_CXX_LIBRARY = "libc++";
				CLANG_ENABLE_MODULES = YES;
				CLANG_ENABLE_OBJC_ARC = YES;
				CLANG_WARN_BOOL_CONVERSION = YES;
				CLANG_WARN_CONSTANT_CONVERSION = YES;
				CLANG_WARN_DIRECT_OBJC_ISA_USAGE = YES_ERROR;
				CLANG_WARN_EMPTY_BODY = YES;
				CLANG_WARN_ENUM_CONVERSION = YES;
				CLANG_WARN_INT_CONVERSION = YES;
				CLANG_WARN_OBJC_ROOT_CLASS = YES_ERROR;
				CLANG_WARN_UNREACHABLE_CODE = YES;
				CLANG_WARN__DUPLICATE_METHOD_MATCH = YES;
				"CODE_SIGN_IDENTITY[sdk=iphoneos*]" = "iPhone Developer";
				COPY_PHASE_STRIP = NO;
				DEBUG_INFORMATION_FORMAT = "dwarf-with-dsym";
				ENABLE_STRICT_OBJC_MSGSEND = YES;
				GCC_C_LANGUAGE_STANDARD = gnu99;
				GCC_DYNAMIC_NO_PIC = NO;
				GCC_NO_COMMON_BLOCKS = YES;
				GCC_OPTIMIZATION_LEVEL = 0;
				GCC_PREPROCESSOR_DEFINITIONS = (
					"DEBUG=1",
					"$(inherited)",
				);
				GCC_SYMBOLS_PRIVATE_EXTERN = NO;
				GCC_WARN_64_TO_32_BIT_CONVERSION = YES;
				GCC_WARN_ABOUT_RETURN_TYPE = YES_ERROR;
				GCC_WARN_UNDECLARED_SELECTOR = YES;
				GCC_WARN_UNINITIALIZED_AUTOS = YES_AGGRESSIVE;
				GCC_WARN_UNUSED_FUNCTION = YES;
				GCC_WARN_UNUSED_VARIABLE = YES;
				IPHONEOS_DEPLOYMENT_TARGET = 8.4;
				MTL_ENABLE_DEBUG_INFO = YES;
				ONLY_ACTIVE_ARCH = YES;
				SDKROOT = iphoneos;
				SWIFT_OPTIMIZATION_LEVEL = "-Onone";
			};
			name = Debug;
		};
		805CA8F91B650D0C00E73061 /* Release */ = {
			isa = XCBuildConfiguration;
			buildSettings = {
				ALWAYS_SEARCH_USER_PATHS = NO;
				CLANG_CXX_LANGUAGE_STANDARD = "gnu++0x";
				CLANG_CXX_LIBRARY = "libc++";
				CLANG_ENABLE_MODULES = YES;
				CLANG_ENABLE_OBJC_ARC = YES;
				CLANG_WARN_BOOL_CONVERSION = YES;
				CLANG_WARN_CONSTANT_CONVERSION = YES;
				CLANG_WARN_DIRECT_OBJC_ISA_USAGE = YES_ERROR;
				CLANG_WARN_EMPTY_BODY = YES;
				CLANG_WARN_ENUM_CONVERSION = YES;
				CLANG_WARN_INT_CONVERSION = YES;
				CLANG_WARN_OBJC_ROOT_CLASS = YES_ERROR;
				CLANG_WARN_UNREACHABLE_CODE = YES;
				CLANG_WARN__DUPLICATE_METHOD_MATCH = YES;
				"CODE_SIGN_IDENTITY[sdk=iphoneos*]" = "iPhone Developer";
				COPY_PHASE_STRIP = NO;
				DEBUG_INFORMATION_FORMAT = "dwarf-with-dsym";
				ENABLE_NS_ASSERTIONS = NO;
				ENABLE_STRICT_OBJC_MSGSEND = YES;
				GCC_C_LANGUAGE_STANDARD = gnu99;
				GCC_NO_COMMON_BLOCKS = YES;
				GCC_WARN_64_TO_32_BIT_CONVERSION = YES;
				GCC_WARN_ABOUT_RETURN_TYPE = YES_ERROR;
				GCC_WARN_UNDECLARED_SELECTOR = YES;
				GCC_WARN_UNINITIALIZED_AUTOS = YES_AGGRESSIVE;
				GCC_WARN_UNUSED_FUNCTION = YES;
				GCC_WARN_UNUSED_VARIABLE = YES;
				IPHONEOS_DEPLOYMENT_TARGET = 8.4;
				MTL_ENABLE_DEBUG_INFO = NO;
				SDKROOT = iphoneos;
				VALIDATE_PRODUCT = YES;
			};
			name = Release;
		};
		805CA8FB1B650D0C00E73061 /* Debug */ = {
			isa = XCBuildConfiguration;
			buildSettings = {
				ASSETCATALOG_COMPILER_APPICON_NAME = AppIcon;
				INFOPLIST_FILE = ProfileFeedCells/Info.plist;
				LD_RUNPATH_SEARCH_PATHS = "$(inherited) @executable_path/Frameworks";
				PRODUCT_NAME = "$(TARGET_NAME)";
			};
			name = Debug;
		};
		805CA8FC1B650D0C00E73061 /* Release */ = {
			isa = XCBuildConfiguration;
			buildSettings = {
				ASSETCATALOG_COMPILER_APPICON_NAME = AppIcon;
				INFOPLIST_FILE = ProfileFeedCells/Info.plist;
				LD_RUNPATH_SEARCH_PATHS = "$(inherited) @executable_path/Frameworks";
				PRODUCT_NAME = "$(TARGET_NAME)";
			};
			name = Release;
		};
		805CA8FE1B650D0C00E73061 /* Debug */ = {
			isa = XCBuildConfiguration;
			buildSettings = {
				BUNDLE_LOADER = "$(TEST_HOST)";
				FRAMEWORK_SEARCH_PATHS = (
					"$(SDKROOT)/Developer/Library/Frameworks",
					"$(inherited)",
				);
				GCC_PREPROCESSOR_DEFINITIONS = (
					"DEBUG=1",
					"$(inherited)",
				);
				INFOPLIST_FILE = ProfileFeedCellsTests/Info.plist;
				LD_RUNPATH_SEARCH_PATHS = "$(inherited) @executable_path/Frameworks @loader_path/Frameworks";
				PRODUCT_NAME = "$(TARGET_NAME)";
				TEST_HOST = "$(BUILT_PRODUCTS_DIR)/ProfileFeedCells.app/ProfileFeedCells";
			};
			name = Debug;
		};
		805CA8FF1B650D0C00E73061 /* Release */ = {
			isa = XCBuildConfiguration;
			buildSettings = {
				BUNDLE_LOADER = "$(TEST_HOST)";
				FRAMEWORK_SEARCH_PATHS = (
					"$(SDKROOT)/Developer/Library/Frameworks",
					"$(inherited)",
				);
				INFOPLIST_FILE = ProfileFeedCellsTests/Info.plist;
				LD_RUNPATH_SEARCH_PATHS = "$(inherited) @executable_path/Frameworks @loader_path/Frameworks";
				PRODUCT_NAME = "$(TARGET_NAME)";
				TEST_HOST = "$(BUILT_PRODUCTS_DIR)/ProfileFeedCells.app/ProfileFeedCells";
			};
			name = Release;
		};
/* End XCBuildConfiguration section */

/* Begin XCConfigurationList section */
		805CA8D61B650D0C00E73061 /* Build configuration list for PBXProject "ProfileFeedCells" */ = {
			isa = XCConfigurationList;
			buildConfigurations = (
				805CA8F81B650D0C00E73061 /* Debug */,
				805CA8F91B650D0C00E73061 /* Release */,
			);
			defaultConfigurationIsVisible = 0;
			defaultConfigurationName = Release;
		};
		805CA8FA1B650D0C00E73061 /* Build configuration list for PBXNativeTarget "ProfileFeedCells" */ = {
			isa = XCConfigurationList;
			buildConfigurations = (
				805CA8FB1B650D0C00E73061 /* Debug */,
				805CA8FC1B650D0C00E73061 /* Release */,
			);
			defaultConfigurationIsVisible = 0;
		};
		805CA8FD1B650D0C00E73061 /* Build configuration list for PBXNativeTarget "ProfileFeedCellsTests" */ = {
			isa = XCConfigurationList;
			buildConfigurations = (
				805CA8FE1B650D0C00E73061 /* Debug */,
				805CA8FF1B650D0C00E73061 /* Release */,
			);
			defaultConfigurationIsVisible = 0;
		};
/* End XCConfigurationList section */
	};
	rootObject = 805CA8D31B650D0C00E73061 /* Project object */;
}
